
Microsoft Visual Studio Solution File, Format Version 12.00
# Visual Studio Version 16
VisualStudioVersion = 16.0.29418.71
MinimumVisualStudioVersion = 10.0.40219.1
Project("{9092AA53-FB77-4645-B42D-1CCCA6BD08BD}") = "MessengerChatMediaDownloader", "MessengerChatMediaDownloader.njsproj", "{732AD66A-5887-4A6C-B937-787ADAFDD00C}"
EndProject
Global
	GlobalSection(SolutionConfigurationPlatforms) = preSolution
		Debug|Any CPU = Debug|Any CPU
		Release|Any CPU = Release|Any CPU
	EndGlobalSection
	GlobalSection(ProjectConfigurationPlatforms) = postSolution
		{732AD66A-5887-4A6C-B937-787ADAFDD00C}.Debug|Any CPU.ActiveCfg = Debug|Any CPU
		{732AD66A-5887-4A6C-B937-787ADAFDD00C}.Debug|Any CPU.Build.0 = Debug|Any CPU
		{732AD66A-5887-4A6C-B937-787ADAFDD00C}.Release|Any CPU.ActiveCfg = Release|Any CPU
		{732AD66A-5887-4A6C-B937-787ADAFDD00C}.Release|Any CPU.Build.0 = Release|Any CPU
	EndGlobalSection
	GlobalSection(SolutionProperties) = preSolution
		HideSolutionNode = FALSE
	EndGlobalSection
	GlobalSection(ExtensibilityGlobals) = postSolution
		SolutionGuid = {A6C188AC-996E-4DF3-8A8E-48AA94280746}
	EndGlobalSection
EndGlobal
